
Microsoft Visual Studio Solution File, Format Version 12.00
# Visual Studio Version 16
VisualStudioVersion = 16.0.30128.74
MinimumVisualStudioVersion = 10.0.40219.1
Project("{FAE04EC0-301F-11D3-BF4B-00C04F79EFBC}") = "ImMillionaire", "ImMillionaire\ImMillionaire.csproj", "{CC2F5C00-0856-468A-B7BC-D057E2C66EA6}"
EndProject
Project("{FAE04EC0-301F-11D3-BF4B-00C04F79EFBC}") = "ImMillionaire.Brain", "ImMillionaire.Brain\ImMillionaire.Brain.csproj", "{4C8C75A0-43EE-4004-BD88-ABA4E6BBDB4C}"
EndProject
Global
	GlobalSection(SolutionConfigurationPlatforms) = preSolution
		Debug|Any CPU = Debug|Any CPU
		Release|Any CPU = Release|Any CPU
	EndGlobalSection
	GlobalSection(ProjectConfigurationPlatforms) = postSolution
		{CC2F5C00-0856-468A-B7BC-D057E2C66EA6}.Debug|Any CPU.ActiveCfg = Debug|Any CPU
		{CC2F5C00-0856-468A-B7BC-D057E2C66EA6}.Debug|Any CPU.Build.0 = Debug|Any CPU
		{CC2F5C00-0856-468A-B7BC-D057E2C66EA6}.Release|Any CPU.ActiveCfg = Release|Any CPU
		{CC2F5C00-0856-468A-B7BC-D057E2C66EA6}.Release|Any CPU.Build.0 = Release|Any CPU
		{4C8C75A0-43EE-4004-BD88-ABA4E6BBDB4C}.Debug|Any CPU.ActiveCfg = Debug|Any CPU
		{4C8C75A0-43EE-4004-BD88-ABA4E6BBDB4C}.Debug|Any CPU.Build.0 = Debug|Any CPU
		{4C8C75A0-43EE-4004-BD88-ABA4E6BBDB4C}.Release|Any CPU.ActiveCfg = Release|Any CPU
		{4C8C75A0-43EE-4004-BD88-ABA4E6BBDB4C}.Release|Any CPU.Build.0 = Release|Any CPU
	EndGlobalSection
	GlobalSection(SolutionProperties) = preSolution
		HideSolutionNode = FALSE
	EndGlobalSection
	GlobalSection(ExtensibilityGlobals) = postSolution
		SolutionGuid = {D2802591-8A3E-48BC-AB81-4FBE1258A6B7}
	EndGlobalSection
EndGlobal
